
Microsoft Visual Studio Solution File, Format Version 12.00
# Visual Studio Version 17
VisualStudioVersion = 17.5.002.0
MinimumVisualStudioVersion = 10.0.40219.1
Project("{9A19103F-16F7-4668-BE54-9A1E7A4F7556}") = "DBsln", "DBsln.csproj", "{5EC558FA-0F22-436E-8A73-5FF260D50EAB}"
EndProject
Global
	GlobalSection(SolutionConfigurationPlatforms) = preSolution
		Debug|Any CPU = Debug|Any CPU
		Release|Any CPU = Release|Any CPU
	EndGlobalSection
	GlobalSection(ProjectConfigurationPlatforms) = postSolution
		{5EC558FA-0F22-436E-8A73-5FF260D50EAB}.Debug|Any CPU.ActiveCfg = Debug|Any CPU
		{5EC558FA-0F22-436E-8A73-5FF260D50EAB}.Debug|Any CPU.Build.0 = Debug|Any CPU
		{5EC558FA-0F22-436E-8A73-5FF260D50EAB}.Release|Any CPU.ActiveCfg = Release|Any CPU
		{5EC558FA-0F22-436E-8A73-5FF260D50EAB}.Release|Any CPU.Build.0 = Release|Any CPU
	EndGlobalSection
	GlobalSection(SolutionProperties) = preSolution
		HideSolutionNode = FALSE
	EndGlobalSection
	GlobalSection(ExtensibilityGlobals) = postSolution
		SolutionGuid = {054B1ACD-FC87-4826-9BCF-02B1929F3347}
	EndGlobalSection
EndGlobal
